
Microsoft Visual Studio Solution File, Format Version 12.00
# Visual Studio 2013
VisualStudioVersion = 12.0.31101.0
MinimumVisualStudioVersion = 10.0.40219.1
Project("{FAE04EC0-301F-11D3-BF4B-00C04F79EFBC}") = "OracleEntityFramework", "OracleEntityFramework\OracleEntityFramework.csproj", "{C95594B9-F0CB-4F9E-8C66-81701DAB7FBC}"
EndProject
Project("{FAE04EC0-301F-11D3-BF4B-00C04F79EFBC}") = "OracleEntityFramework.Tests", "OracleEntityFramework.Tests\OracleEntityFramework.Tests.csproj", "{598D43D4-B465-4A7B-B0D9-3929983339AD}"
EndProject
Global
	GlobalSection(SolutionConfigurationPlatforms) = preSolution
		Debug|Any CPU = Debug|Any CPU
		Release|Any CPU = Release|Any CPU
	EndGlobalSection
	GlobalSection(ProjectConfigurationPlatforms) = postSolution
		{C95594B9-F0CB-4F9E-8C66-81701DAB7FBC}.Debug|Any CPU.ActiveCfg = Debug|Any CPU
		{C95594B9-F0CB-4F9E-8C66-81701DAB7FBC}.Debug|Any CPU.Build.0 = Debug|Any CPU
		{C95594B9-F0CB-4F9E-8C66-81701DAB7FBC}.Release|Any CPU.ActiveCfg = Release|Any CPU
		{C95594B9-F0CB-4F9E-8C66-81701DAB7FBC}.Release|Any CPU.Build.0 = Release|Any CPU
		{598D43D4-B465-4A7B-B0D9-3929983339AD}.Debug|Any CPU.ActiveCfg = Debug|Any CPU
		{598D43D4-B465-4A7B-B0D9-3929983339AD}.Debug|Any CPU.Build.0 = Debug|Any CPU
		{598D43D4-B465-4A7B-B0D9-3929983339AD}.Release|Any CPU.ActiveCfg = Release|Any CPU
		{598D43D4-B465-4A7B-B0D9-3929983339AD}.Release|Any CPU.Build.0 = Release|Any CPU
	EndGlobalSection
	GlobalSection(SolutionProperties) = preSolution
		HideSolutionNode = FALSE
	EndGlobalSection
EndGlobal
